// !$*UTF8*$!
{
	archiveVersion = 1;
	classes = {
	};
	objectVersion = 55;
	objects = {

/* Begin PBXBuildFile section */
		D7597A7B27CD1F22007F833C /* AppDelegate.swift in Sources */ = {isa = PBXBuildFile; fileRef = D7597A7A27CD1F22007F833C /* AppDelegate.swift */; };
		D7597A7D27CD1F22007F833C /* SceneDelegate.swift in Sources */ = {isa = PBXBuildFile; fileRef = D7597A7C27CD1F22007F833C /* SceneDelegate.swift */; };
		D7597A7F27CD1F22007F833C /* LoginViewController.swift in Sources */ = {isa = PBXBuildFile; fileRef = D7597A7E27CD1F22007F833C /* LoginViewController.swift */; };
		D7597A8227CD1F22007F833C /* Main.storyboard in Resources */ = {isa = PBXBuildFile; fileRef = D7597A8027CD1F22007F833C /* Main.storyboard */; };
		D7597A8427CD1F24007F833C /* Assets.xcassets in Resources */ = {isa = PBXBuildFile; fileRef = D7597A8327CD1F24007F833C /* Assets.xcassets */; };
		D7597A8727CD1F24007F833C /* LaunchScreen.storyboard in Resources */ = {isa = PBXBuildFile; fileRef = D7597A8527CD1F24007F833C /* LaunchScreen.storyboard */; };
		D7AA0F0527CD2525000120E9 /* GoogleService-Info.plist in Resources */ = {isa = PBXBuildFile; fileRef = D7AA0F0427CD2524000120E9 /* GoogleService-Info.plist */; };
		D7C7354D27CE6A12007A7016 /* MainViewController.swift in Sources */ = {isa = PBXBuildFile; fileRef = D7C7354C27CE6A12007A7016 /* MainViewController.swift */; };
		D7C7355127CE6B06007A7016 /* ShoppingItemTableViewCell.swift in Sources */ = {isa = PBXBuildFile; fileRef = D7C7354F27CE6B06007A7016 /* ShoppingItemTableViewCell.swift */; };
		D7C7355227CE6B06007A7016 /* ShoppingItemTableViewCell.xib in Resources */ = {isa = PBXBuildFile; fileRef = D7C7355027CE6B06007A7016 /* ShoppingItemTableViewCell.xib */; };
		D7C7355427CE6D10007A7016 /* ShoppingItemResponse.swift in Sources */ = {isa = PBXBuildFile; fileRef = D7C7355327CE6D10007A7016 /* ShoppingItemResponse.swift */; };
		D7C7355627CE833D007A7016 /* AddItemViewController.swift in Sources */ = {isa = PBXBuildFile; fileRef = D7C7355527CE833D007A7016 /* AddItemViewController.swift */; };
		E4CB81C59246A7F93A040B3C /* Pods_Shopping_Mall.framework in Frameworks */ = {isa = PBXBuildFile; fileRef = 65626104F49491D27E6E0DDF /* Pods_Shopping_Mall.framework */; };
/* End PBXBuildFile section */

/* Begin PBXFileReference section */
		06D9F39212AD7D2C12845FF6 /* Pods-Shopping Mall.debug.xcconfig */ = {isa = PBXFileReference; includeInIndex = 1; lastKnownFileType = text.xcconfig; name = "Pods-Shopping Mall.debug.xcconfig"; path = "Target Support Files/Pods-Shopping Mall/Pods-Shopping Mall.debug.xcconfig"; sourceTree = "<group>"; };
		65626104F49491D27E6E0DDF /* Pods_Shopping_Mall.framework */ = {isa = PBXFileReference; explicitFileType = wrapper.framework; includeInIndex = 0; path = Pods_Shopping_Mall.framework; sourceTree = BUILT_PRODUCTS_DIR; };
		7F6B08ED93331C007185D218 /* Pods-Shopping Mall.release.xcconfig */ = {isa = PBXFileReference; includeInIndex = 1; lastKnownFileType = text.xcconfig; name = "Pods-Shopping Mall.release.xcconfig"; path = "Target Support Files/Pods-Shopping Mall/Pods-Shopping Mall.release.xcconfig"; sourceTree = "<group>"; };
		D7597A7727CD1F22007F833C /* Shopping Mall.app */ = {isa = PBXFileReference; explicitFileType = wrapper.application; includeInIndex = 0; path = "Shopping Mall.app"; sourceTree = BUILT_PRODUCTS_DIR; };
		D7597A7A27CD1F22007F833C /* AppDelegate.swift */ = {isa = PBXFileReference; lastKnownFileType = sourcecode.swift; path = AppDelegate.swift; sourceTree = "<group>"; };
		D7597A7C27CD1F22007F833C /* SceneDelegate.swift */ = {isa = PBXFileReference; lastKnownFileType = sourcecode.swift; path = SceneDelegate.swift; sourceTree = "<group>"; };
		D7597A7E27CD1F22007F833C /* LoginViewController.swift */ = {isa = PBXFileReference; lastKnownFileType = sourcecode.swift; path = LoginViewController.swift; sourceTree = "<group>"; };
		D7597A8127CD1F22007F833C /* Base */ = {isa = PBXFileReference; lastKnownFileType = file.storyboard; name = Base; path = Base.lproj/Main.storyboard; sourceTree = "<group>"; };
		D7597A8327CD1F24007F833C /* Assets.xcassets */ = {isa = PBXFileReference; lastKnownFileType = folder.assetcatalog; path = Assets.xcassets; sourceTree = "<group>"; };
		D7597A8627CD1F24007F833C /* Base */ = {isa = PBXFileReference; lastKnownFileType = file.storyboard; name = Base; path = Base.lproj/LaunchScreen.storyboard; sourceTree = "<group>"; };
		D7597A8827CD1F24007F833C /* Info.plist */ = {isa = PBXFileReference; lastKnownFileType = text.plist.xml; path = Info.plist; sourceTree = "<group>"; };
		D7AA0F0427CD2524000120E9 /* GoogleService-Info.plist */ = {isa = PBXFileReference; fileEncoding = 4; lastKnownFileType = text.plist.xml; path = "GoogleService-Info.plist"; sourceTree = "<group>"; };
		D7C7354C27CE6A12007A7016 /* MainViewController.swift */ = {isa = PBXFileReference; lastKnownFileType = sourcecode.swift; path = MainViewController.swift; sourceTree = "<group>"; };
		D7C7354F27CE6B06007A7016 /* ShoppingItemTableViewCell.swift */ = {isa = PBXFileReference; lastKnownFileType = sourcecode.swift; path = ShoppingItemTableViewCell.swift; sourceTree = "<group>"; };
		D7C7355027CE6B06007A7016 /* ShoppingItemTableViewCell.xib */ = {isa = PBXFileReference; lastKnownFileType = file.xib; path = ShoppingItemTableViewCell.xib; sourceTree = "<group>"; };
		D7C7355327CE6D10007A7016 /* ShoppingItemResponse.swift */ = {isa = PBXFileReference; lastKnownFileType = sourcecode.swift; path = ShoppingItemResponse.swift; sourceTree = "<group>"; };
		D7C7355527CE833D007A7016 /* AddItemViewController.swift */ = {isa = PBXFileReference; lastKnownFileType = sourcecode.swift; path = AddItemViewController.swift; sourceTree = "<group>"; };
/* End PBXFileReference section */

/* Begin PBXFrameworksBuildPhase section */
		D7597A7427CD1F22007F833C /* Frameworks */ = {
			isa = PBXFrameworksBuildPhase;
			buildActionMask = 2147483647;
			files = (
				E4CB81C59246A7F93A040B3C /* Pods_Shopping_Mall.framework in Frameworks */,
			);
			runOnlyForDeploymentPostprocessing = 0;
		};
/* End PBXFrameworksBuildPhase section */

/* Begin PBXGroup section */
		4E316F5B4E49ADFD732CA474 /* Frameworks */ = {
			isa = PBXGroup;
			children = (
				65626104F49491D27E6E0DDF /* Pods_Shopping_Mall.framework */,
			);
			name = Frameworks;
			sourceTree = "<group>";
		};
		6B7A7CB8D532E8FC29DC7EC4 /* Pods */ = {
			isa = PBXGroup;
			children = (
				06D9F39212AD7D2C12845FF6 /* Pods-Shopping Mall.debug.xcconfig */,
				7F6B08ED93331C007185D218 /* Pods-Shopping Mall.release.xcconfig */,
			);
			path = Pods;
			sourceTree = "<group>";
		};
		D7597A6E27CD1F22007F833C = {
			isa = PBXGroup;
			children = (
				D7597A7927CD1F22007F833C /* Shopping Mall */,
				D7597A7827CD1F22007F833C /* Products */,
				6B7A7CB8D532E8FC29DC7EC4 /* Pods */,
				4E316F5B4E49ADFD732CA474 /* Frameworks */,
			);
			sourceTree = "<group>";
		};
		D7597A7827CD1F22007F833C /* Products */ = {
			isa = PBXGroup;
			children = (
				D7597A7727CD1F22007F833C /* Shopping Mall.app */,
			);
			name = Products;
			sourceTree = "<group>";
		};
		D7597A7927CD1F22007F833C /* Shopping Mall */ = {
			isa = PBXGroup;
			children = (
				D7C7355827CE855D007A7016 /* Model */,
				D7C7354E27CE6ADB007A7016 /* TableViewCell */,
				D7597A7A27CD1F22007F833C /* AppDelegate.swift */,
				D7597A7C27CD1F22007F833C /* SceneDelegate.swift */,
				D7C7355727CE8551007A7016 /* ViewController */,
				D7AA0F0427CD2524000120E9 /* GoogleService-Info.plist */,
				D7597A8027CD1F22007F833C /* Main.storyboard */,
				D7597A8327CD1F24007F833C /* Assets.xcassets */,
				D7597A8527CD1F24007F833C /* LaunchScreen.storyboard */,
				D7597A8827CD1F24007F833C /* Info.plist */,
			);
			path = "Shopping Mall";
			sourceTree = "<group>";
		};
		D7C7354E27CE6ADB007A7016 /* TableViewCell */ = {
			isa = PBXGroup;
			children = (
				D7C7354F27CE6B06007A7016 /* ShoppingItemTableViewCell.swift */,
				D7C7355027CE6B06007A7016 /* ShoppingItemTableViewCell.xib */,
			);
			path = TableViewCell;
			sourceTree = "<group>";
		};
		D7C7355727CE8551007A7016 /* ViewController */ = {
			isa = PBXGroup;
			children = (
				D7597A7E27CD1F22007F833C /* LoginViewController.swift */,
				D7C7354C27CE6A12007A7016 /* MainViewController.swift */,
				D7C7355527CE833D007A7016 /* AddItemViewController.swift */,
			);
			path = ViewController;
			sourceTree = "<group>";
		};
		D7C7355827CE855D007A7016 /* Model */ = {
			isa = PBXGroup;
			children = (
				D7C7355327CE6D10007A7016 /* ShoppingItemResponse.swift */,
			);
			path = Model;
			sourceTree = "<group>";
		};
/* End PBXGroup section */

/* Begin PBXNativeTarget section */
		D7597A7627CD1F22007F833C /* Shopping Mall */ = {
			isa = PBXNativeTarget;
			buildConfigurationList = D7597A8B27CD1F24007F833C /* Build configuration list for PBXNativeTarget "Shopping Mall" */;
			buildPhases = (
				6219E4D99BA95E6DAD2CC849 /* [CP] Check Pods Manifest.lock */,
				D7597A7327CD1F22007F833C /* Sources */,
				D7597A7427CD1F22007F833C /* Frameworks */,
				D7597A7527CD1F22007F833C /* Resources */,
				1AD8355392C67142B729BB9C /* [CP] Embed Pods Frameworks */,
			);
			buildRules = (
			);
			dependencies = (
			);
			name = "Shopping Mall";
			productName = "Shopping Mall";
			productReference = D7597A7727CD1F22007F833C /* Shopping Mall.app */;
			productType = "com.apple.product-type.application";
		};
/* End PBXNativeTarget section */

/* Begin PBXProject section */
		D7597A6F27CD1F22007F833C /* Project object */ = {
			isa = PBXProject;
			attributes = {
				BuildIndependentTargetsInParallel = 1;
				LastSwiftUpdateCheck = 1310;
				LastUpgradeCheck = 1310;
				TargetAttributes = {
					D7597A7627CD1F22007F833C = {
						CreatedOnToolsVersion = 13.1;
					};
				};
			};
			buildConfigurationList = D7597A7227CD1F22007F833C /* Build configuration list for PBXProject "Shopping Mall" */;
			compatibilityVersion = "Xcode 13.0";
			developmentRegion = en;
			hasScannedForEncodings = 0;
			knownRegions = (
				en,
				Base,
			);
			mainGroup = D7597A6E27CD1F22007F833C;
			productRefGroup = D7597A7827CD1F22007F833C /* Products */;
			projectDirPath = "";
			projectRoot = "";
			targets = (
				D7597A7627CD1F22007F833C /* Shopping Mall */,
			);
		};
/* End PBXProject section */

/* Begin PBXResourcesBuildPhase section */
		D7597A7527CD1F22007F833C /* Resources */ = {
			isa = PBXResourcesBuildPhase;
			buildActionMask = 2147483647;
			files = (
				D7597A8727CD1F24007F833C /* LaunchScreen.storyboard in Resources */,
				D7C7355227CE6B06007A7016 /* ShoppingItemTableViewCell.xib in Resources */,
				D7597A8427CD1F24007F833C /* Assets.xcassets in Resources */,
				D7597A8227CD1F22007F833C /* Main.storyboard in Resources */,
				D7AA0F0527CD2525000120E9 /* GoogleService-Info.plist in Resources */,
			);
			runOnlyForDeploymentPostprocessing = 0;
		};
/* End PBXResourcesBuildPhase section */

/* Begin PBXShellScriptBuildPhase section */
		1AD8355392C67142B729BB9C /* [CP] Embed Pods Frameworks */ = {
			isa = PBXShellScriptBuildPhase;
			buildActionMask = 2147483647;
			files = (
			);
			inputFileListPaths = (
				"${PODS_ROOT}/Target Support Files/Pods-Shopping Mall/Pods-Shopping Mall-frameworks-${CONFIGURATION}-input-files.xcfilelist",
			);
			name = "[CP] Embed Pods Frameworks";
			outputFileListPaths = (
				"${PODS_ROOT}/Target Support Files/Pods-Shopping Mall/Pods-Shopping Mall-frameworks-${CONFIGURATION}-output-files.xcfilelist",
			);
			runOnlyForDeploymentPostprocessing = 0;
			shellPath = /bin/sh;
			shellScript = "\"${PODS_ROOT}/Target Support Files/Pods-Shopping Mall/Pods-Shopping Mall-frameworks.sh\"\n";
			showEnvVarsInLog = 0;
		};
		6219E4D99BA95E6DAD2CC849 /* [CP] Check Pods Manifest.lock */ = {
			isa = PBXShellScriptBuildPhase;
			buildActionMask = 2147483647;
			files = (
			);
			inputFileListPaths = (
			);
			inputPaths = (
				"${PODS_PODFILE_DIR_PATH}/Podfile.lock",
				"${PODS_ROOT}/Manifest.lock",
			);
			name = "[CP] Check Pods Manifest.lock";
			outputFileListPaths = (
			);
			outputPaths = (
				"$(DERIVED_FILE_DIR)/Pods-Shopping Mall-checkManifestLockResult.txt",
			);
			runOnlyForDeploymentPostprocessing = 0;
			shellPath = /bin/sh;
			shellScript = "diff \"${PODS_PODFILE_DIR_PATH}/Podfile.lock\" \"${PODS_ROOT}/Manifest.lock\" > /dev/null\nif [ $? != 0 ] ; then\n    # print error to STDERR\n    echo \"error: The sandbox is not in sync with the Podfile.lock. Run 'pod install' or update your CocoaPods installation.\" >&2\n    exit 1\nfi\n# This output is used by Xcode 'outputs' to avoid re-running this script phase.\necho \"SUCCESS\" > \"${SCRIPT_OUTPUT_FILE_0}\"\n";
			showEnvVarsInLog = 0;
		};
/* End PBXShellScriptBuildPhase section */

/* Begin PBXSourcesBuildPhase section */
		D7597A7327CD1F22007F833C /* Sources */ = {
			isa = PBXSourcesBuildPhase;
			buildActionMask = 2147483647;
			files = (
				D7597A7F27CD1F22007F833C /* LoginViewController.swift in Sources */,
				D7C7355127CE6B06007A7016 /* ShoppingItemTableViewCell.swift in Sources */,
				D7597A7B27CD1F22007F833C /* AppDelegate.swift in Sources */,
				D7C7355427CE6D10007A7016 /* ShoppingItemResponse.swift in Sources */,
				D7C7355627CE833D007A7016 /* AddItemViewController.swift in Sources */,
				D7597A7D27CD1F22007F833C /* SceneDelegate.swift in Sources */,
				D7C7354D27CE6A12007A7016 /* MainViewController.swift in Sources */,
			);
			runOnlyForDeploymentPostprocessing = 0;
		};
/* End PBXSourcesBuildPhase section */

/* Begin PBXVariantGroup section */
		D7597A8027CD1F22007F833C /* Main.storyboard */ = {
			isa = PBXVariantGroup;
			children = (
				D7597A8127CD1F22007F833C /* Base */,
			);
			name = Main.storyboard;
			sourceTree = "<group>";
		};
		D7597A8527CD1F24007F833C /* LaunchScreen.storyboard */ = {
			isa = PBXVariantGroup;
			children = (
				D7597A8627CD1F24007F833C /* Base */,
			);
			name = LaunchScreen.storyboard;
			sourceTree = "<group>";
		};
/* End PBXVariantGroup section */

/* Begin XCBuildConfiguration section */
		D7597A8927CD1F24007F833C /* Debug */ = {
			isa = XCBuildConfiguration;
			buildSettings = {
				ALWAYS_SEARCH_USER_PATHS = NO;
				CLANG_ANALYZER_NONNULL = YES;
				CLANG_ANALYZER_NUMBER_OBJECT_CONVERSION = YES_AGGRESSIVE;
				CLANG_CXX_LANGUAGE_STANDARD = "gnu++17";
				CLANG_CXX_LIBRARY = "libc++";
				CLANG_ENABLE_MODULES = YES;
				CLANG_ENABLE_OBJC_ARC = YES;
				CLANG_ENABLE_OBJC_WEAK = YES;
				CLANG_WARN_BLOCK_CAPTURE_AUTORELEASING = YES;
				CLANG_WARN_BOOL_CONVERSION = YES;
				CLANG_WARN_COMMA = YES;
				CLANG_WARN_CONSTANT_CONVERSION = YES;
				CLANG_WARN_DEPRECATED_OBJC_IMPLEMENTATIONS = YES;
				CLANG_WARN_DIRECT_OBJC_ISA_USAGE = YES_ERROR;
				CLANG_WARN_DOCUMENTATION_COMMENTS = YES;
				CLANG_WARN_EMPTY_BODY = YES;
				CLANG_WARN_ENUM_CONVERSION = YES;
				CLANG_WARN_INFINITE_RECURSION = YES;
				CLANG_WARN_INT_CONVERSION = YES;
				CLANG_WARN_NON_LITERAL_NULL_CONVERSION = YES;
				CLANG_WARN_OBJC_IMPLICIT_RETAIN_SELF = YES;
				CLANG_WARN_OBJC_LITERAL_CONVERSION = YES;
				CLANG_WARN_OBJC_ROOT_CLASS = YES_ERROR;
				CLANG_WARN_QUOTED_INCLUDE_IN_FRAMEWORK_HEADER = YES;
				CLANG_WARN_RANGE_LOOP_ANALYSIS = YES;
				CLANG_WARN_STRICT_PROTOTYPES = YES;
				CLANG_WARN_SUSPICIOUS_MOVE = YES;
				CLANG_WARN_UNGUARDED_AVAILABILITY = YES_AGGRESSIVE;
				CLANG_WARN_UNREACHABLE_CODE = YES;
				CLANG_WARN__DUPLICATE_METHOD_MATCH = YES;
				COPY_PHASE_STRIP = NO;
				DEBUG_INFORMATION_FORMAT = dwarf;
				ENABLE_STRICT_OBJC_MSGSEND = YES;
				ENABLE_TESTABILITY = YES;
				GCC_C_LANGUAGE_STANDARD = gnu11;
				GCC_DYNAMIC_NO_PIC = NO;
				GCC_NO_COMMON_BLOCKS = YES;
				GCC_OPTIMIZATION_LEVEL = 0;
				GCC_PREPROCESSOR_DEFINITIONS = (
					"DEBUG=1",
					"$(inherited)",
				);
				GCC_WARN_64_TO_32_BIT_CONVERSION = YES;
				GCC_WARN_ABOUT_RETURN_TYPE = YES_ERROR;
				GCC_WARN_UNDECLARED_SELECTOR = YES;
				GCC_WARN_UNINITIALIZED_AUTOS = YES_AGGRESSIVE;
				GCC_WARN_UNUSED_FUNCTION = YES;
				GCC_WARN_UNUSED_VARIABLE = YES;
				IPHONEOS_DEPLOYMENT_TARGET = 15.0;
				MTL_ENABLE_DEBUG_INFO = INCLUDE_SOURCE;
				MTL_FAST_MATH = YES;
				ONLY_ACTIVE_ARCH = YES;
				SDKROOT = iphoneos;
				SWIFT_ACTIVE_COMPILATION_CONDITIONS = DEBUG;
				SWIFT_OPTIMIZATION_LEVEL = "-Onone";
			};
			name = Debug;
		};
		D7597A8A27CD1F24007F833C /* Release */ = {
			isa = XCBuildConfiguration;
			buildSettings = {
				ALWAYS_SEARCH_USER_PATHS = NO;
				CLANG_ANALYZER_NONNULL = YES;
				CLANG_ANALYZER_NUMBER_OBJECT_CONVERSION = YES_AGGRESSIVE;
				CLANG_CXX_LANGUAGE_STANDARD = "gnu++17";
				CLANG_CXX_LIBRARY = "libc++";
				CLANG_ENABLE_MODULES = YES;
				CLANG_ENABLE_OBJC_ARC = YES;
				CLANG_ENABLE_OBJC_WEAK = YES;
				CLANG_WARN_BLOCK_CAPTURE_AUTORELEASING = YES;
				CLANG_WARN_BOOL_CONVERSION = YES;
				CLANG_WARN_COMMA = YES;
				CLANG_WARN_CONSTANT_CONVERSION = YES;
				CLANG_WARN_DEPRECATED_OBJC_IMPLEMENTATIONS = YES;
				CLANG_WARN_DIRECT_OBJC_ISA_USAGE = YES_ERROR;
				CLANG_WARN_DOCUMENTATION_COMMENTS = YES;
				CLANG_WARN_EMPTY_BODY = YES;
				CLANG_WARN_ENUM_CONVERSION = YES;
				CLANG_WARN_INFINITE_RECURSION = YES;
				CLANG_WARN_INT_CONVERSION = YES;
				CLANG_WARN_NON_LITERAL_NULL_CONVERSION = YES;
				CLANG_WARN_OBJC_IMPLICIT_RETAIN_SELF = YES;
				CLANG_WARN_OBJC_LITERAL_CONVERSION = YES;
				CLANG_WARN_OBJC_ROOT_CLASS = YES_ERROR;
				CLANG_WARN_QUOTED_INCLUDE_IN_FRAMEWORK_HEADER = YES;
				CLANG_WARN_RANGE_LOOP_ANALYSIS = YES;
				CLANG_WARN_STRICT_PROTOTYPES = YES;
				CLANG_WARN_SUSPICIOUS_MOVE = YES;
				CLANG_WARN_UNGUARDED_AVAILABILITY = YES_AGGRESSIVE;
				CLANG_WARN_UNREACHABLE_CODE = YES;
				CLANG_WARN__DUPLICATE_METHOD_MATCH = YES;
				COPY_PHASE_STRIP = NO;
				DEBUG_INFORMATION_FORMAT = "dwarf-with-dsym";
				ENABLE_NS_ASSERTIONS = NO;
				ENABLE_STRICT_OBJC_MSGSEND = YES;
				GCC_C_LANGUAGE_STANDARD = gnu11;
				GCC_NO_COMMON_BLOCKS = YES;
				GCC_WARN_64_TO_32_BIT_CONVERSION = YES;
				GCC_WARN_ABOUT_RETURN_TYPE = YES_ERROR;
				GCC_WARN_UNDECLARED_SELECTOR = YES;
				GCC_WARN_UNINITIALIZED_AUTOS = YES_AGGRESSIVE;
				GCC_WARN_UNUSED_FUNCTION = YES;
				GCC_WARN_UNUSED_VARIABLE = YES;
				IPHONEOS_DEPLOYMENT_TARGET = 15.0;
				MTL_ENABLE_DEBUG_INFO = NO;
				MTL_FAST_MATH = YES;
				SDKROOT = iphoneos;
				SWIFT_COMPILATION_MODE = wholemodule;
				SWIFT_OPTIMIZATION_LEVEL = "-O";
				VALIDATE_PRODUCT = YES;
			};
			name = Release;
		};
		D7597A8C27CD1F24007F833C /* Debug */ = {
			isa = XCBuildConfiguration;
			baseConfigurationReference = 06D9F39212AD7D2C12845FF6 /* Pods-Shopping Mall.debug.xcconfig */;
			buildSettings = {
				ASSETCATALOG_COMPILER_APPICON_NAME = AppIcon;
				ASSETCATALOG_COMPILER_GLOBAL_ACCENT_COLOR_NAME = AccentColor;
				CODE_SIGN_STYLE = Automatic;
				CURRENT_PROJECT_VERSION = 1;
				DEVELOPMENT_TEAM = T88JY93Y9S;
				GENERATE_INFOPLIST_FILE = YES;
				INFOPLIST_FILE = "Shopping Mall/Info.plist";
				INFOPLIST_KEY_UIApplicationSupportsIndirectInputEvents = YES;
				INFOPLIST_KEY_UILaunchStoryboardName = LaunchScreen;
				INFOPLIST_KEY_UIMainStoryboardFile = Main;
				INFOPLIST_KEY_UISupportedInterfaceOrientations_iPad = "UIInterfaceOrientationPortrait UIInterfaceOrientationPortraitUpsideDown UIInterfaceOrientationLandscapeLeft UIInterfaceOrientationLandscapeRight";
				INFOPLIST_KEY_UISupportedInterfaceOrientations_iPhone = "UIInterfaceOrientationPortrait UIInterfaceOrientationLandscapeLeft UIInterfaceOrientationLandscapeRight";
				LD_RUNPATH_SEARCH_PATHS = (
					"$(inherited)",
					"@executable_path/Frameworks",
				);
				MARKETING_VERSION = 1.0;
				PRODUCT_BUNDLE_IDENTIFIER = "jarukorn.Shopping-Mall";
				PRODUCT_NAME = "$(TARGET_NAME)";
				SWIFT_EMIT_LOC_STRINGS = YES;
				SWIFT_VERSION = 5.0;
				TARGETED_DEVICE_FAMILY = "1,2";
			};
			name = Debug;
		};
		D7597A8D27CD1F24007F833C /* Release */ = {
			isa = XCBuildConfiguration;
			baseConfigurationReference = 7F6B08ED93331C007185D218 /* Pods-Shopping Mall.release.xcconfig */;
			buildSettings = {
				ASSETCATALOG_COMPILER_APPICON_NAME = AppIcon;
				ASSETCATALOG_COMPILER_GLOBAL_ACCENT_COLOR_NAME = AccentColor;
				CODE_SIGN_STYLE = Automatic;
				CURRENT_PROJECT_VERSION = 1;
				DEVELOPMENT_TEAM = T88JY93Y9S;
				GENERATE_INFOPLIST_FILE = YES;
				INFOPLIST_FILE = "Shopping Mall/Info.plist";
				INFOPLIST_KEY_UIApplicationSupportsIndirectInputEvents = YES;
				INFOPLIST_KEY_UILaunchStoryboardName = LaunchScreen;
				INFOPLIST_KEY_UIMainStoryboardFile = Main;
				INFOPLIST_KEY_UISupportedInterfaceOrientations_iPad = "UIInterfaceOrientationPortrait UIInterfaceOrientationPortraitUpsideDown UIInterfaceOrientationLandscapeLeft UIInterfaceOrientationLandscapeRight";
				INFOPLIST_KEY_UISupportedInterfaceOrientations_iPhone = "UIInterfaceOrientationPortrait UIInterfaceOrientationLandscapeLeft UIInterfaceOrientationLandscapeRight";
				LD_RUNPATH_SEARCH_PATHS = (
					"$(inherited)",
					"@executable_path/Frameworks",
				);
				MARKETING_VERSION = 1.0;
				PRODUCT_BUNDLE_IDENTIFIER = "jarukorn.Shopping-Mall";
				PRODUCT_NAME = "$(TARGET_NAME)";
				SWIFT_EMIT_LOC_STRINGS = YES;
				SWIFT_VERSION = 5.0;
				TARGETED_DEVICE_FAMILY = "1,2";
			};
			name = Release;
		};
/* End XCBuildConfiguration section */

/* Begin XCConfigurationList section */
		D7597A7227CD1F22007F833C /* Build configuration list for PBXProject "Shopping Mall" */ = {
			isa = XCConfigurationList;
			buildConfigurations = (
				D7597A8927CD1F24007F833C /* Debug */,
				D7597A8A27CD1F24007F833C /* Release */,
			);
			defaultConfigurationIsVisible = 0;
			defaultConfigurationName = Release;
		};
		D7597A8B27CD1F24007F833C /* Build configuration list for PBXNativeTarget "Shopping Mall" */ = {
			isa = XCConfigurationList;
			buildConfigurations = (
				D7597A8C27CD1F24007F833C /* Debug */,
				D7597A8D27CD1F24007F833C /* Release */,
			);
			defaultConfigurationIsVisible = 0;
			defaultConfigurationName = Release;
		};
/* End XCConfigurationList section */
	};
	rootObject = D7597A6F27CD1F22007F833C /* Project object */;
}
